
Microsoft Visual Studio Solution File, Format Version 12.00
# Visual Studio Version 16
VisualStudioVersion = 16.0.29905.134
MinimumVisualStudioVersion = 10.0.40219.1
Project("{FAE04EC0-301F-11D3-BF4B-00C04F79EFBC}") = "ResumeBase", "ResumeBase\ResumeBase.csproj", "{2876F587-79DD-4596-81D0-84E7AA768C79}"
EndProject
Global
	GlobalSection(SolutionConfigurationPlatforms) = preSolution
		Debug|Any CPU = Debug|Any CPU
		Release|Any CPU = Release|Any CPU
	EndGlobalSection
	GlobalSection(ProjectConfigurationPlatforms) = postSolution
		{2876F587-79DD-4596-81D0-84E7AA768C79}.Debug|Any CPU.ActiveCfg = Debug|Any CPU
		{2876F587-79DD-4596-81D0-84E7AA768C79}.Debug|Any CPU.Build.0 = Debug|Any CPU
		{2876F587-79DD-4596-81D0-84E7AA768C79}.Release|Any CPU.ActiveCfg = Release|Any CPU
		{2876F587-79DD-4596-81D0-84E7AA768C79}.Release|Any CPU.Build.0 = Release|Any CPU
	EndGlobalSection
	GlobalSection(SolutionProperties) = preSolution
		HideSolutionNode = FALSE
	EndGlobalSection
	GlobalSection(ExtensibilityGlobals) = postSolution
		SolutionGuid = {820A5414-B0ED-49CD-8F54-8A7B05B2B5F5}
	EndGlobalSection
EndGlobal
